
Microsoft Visual Studio Solution File, Format Version 12.00
# Visual Studio Version 17
VisualStudioVersion = 17.5.33516.290
MinimumVisualStudioVersion = 10.0.40219.1
Project("{FAE04EC0-301F-11D3-BF4B-00C04F79EFBC}") = "CarService", "CarService\CarService.csproj", "{11D8151E-22A5-47E7-88C9-78091A12C6F9}"
EndProject
Global
	GlobalSection(SolutionConfigurationPlatforms) = preSolution
		Debug|Any CPU = Debug|Any CPU
		Release|Any CPU = Release|Any CPU
	EndGlobalSection
	GlobalSection(ProjectConfigurationPlatforms) = postSolution
		{11D8151E-22A5-47E7-88C9-78091A12C6F9}.Debug|Any CPU.ActiveCfg = Debug|Any CPU
		{11D8151E-22A5-47E7-88C9-78091A12C6F9}.Debug|Any CPU.Build.0 = Debug|Any CPU
		{11D8151E-22A5-47E7-88C9-78091A12C6F9}.Release|Any CPU.ActiveCfg = Release|Any CPU
		{11D8151E-22A5-47E7-88C9-78091A12C6F9}.Release|Any CPU.Build.0 = Release|Any CPU
	EndGlobalSection
	GlobalSection(SolutionProperties) = preSolution
		HideSolutionNode = FALSE
	EndGlobalSection
	GlobalSection(ExtensibilityGlobals) = postSolution
		SolutionGuid = {339DDD7D-C127-496E-BAA6-EF62308AE4F6}
	EndGlobalSection
EndGlobal
